// !$*UTF8*$!
{
	archiveVersion = 1;
	classes = {
	};
	objectVersion = 50;
	objects = {

/* Begin PBXBuildFile section */
		FC5BD39821EBA27A00F5BECD /* Delm-Medium.otf in Resources */ = {isa = PBXBuildFile; fileRef = FC5BD39721EBA27A00F5BECD /* Delm-Medium.otf */; };
		FC5BD39A21EBA28A00F5BECD /* ThirstySoftRegular.otf in Resources */ = {isa = PBXBuildFile; fileRef = FC5BD39921EBA28A00F5BECD /* ThirstySoftRegular.otf */; };
		FC67A3F921EB999A00F990F2 /* AppDelegate.swift in Sources */ = {isa = PBXBuildFile; fileRef = FC67A3F821EB999A00F990F2 /* AppDelegate.swift */; };
		FC67A3FB21EB999A00F990F2 /* ViewController.swift in Sources */ = {isa = PBXBuildFile; fileRef = FC67A3FA21EB999A00F990F2 /* ViewController.swift */; };
		FC67A3FE21EB999A00F990F2 /* Main.storyboard in Resources */ = {isa = PBXBuildFile; fileRef = FC67A3FC21EB999A00F990F2 /* Main.storyboard */; };
		FC67A40021EB999B00F990F2 /* Assets.xcassets in Resources */ = {isa = PBXBuildFile; fileRef = FC67A3FF21EB999B00F990F2 /* Assets.xcassets */; };
		FC67A40321EB999B00F990F2 /* LaunchScreen.storyboard in Resources */ = {isa = PBXBuildFile; fileRef = FC67A40121EB999B00F990F2 /* LaunchScreen.storyboard */; };
/* End PBXBuildFile section */

/* Begin PBXFileReference section */
		FC5BD39721EBA27A00F5BECD /* Delm-Medium.otf */ = {isa = PBXFileReference; lastKnownFileType = file; path = "Delm-Medium.otf"; sourceTree = "<group>"; };
		FC5BD39921EBA28A00F5BECD /* ThirstySoftRegular.otf */ = {isa = PBXFileReference; lastKnownFileType = file; path = ThirstySoftRegular.otf; sourceTree = "<group>"; };
		FC67A3F521EB999A00F990F2 /* InstaGriD-OC-P4.app */ = {isa = PBXFileReference; explicitFileType = wrapper.application; includeInIndex = 0; path = "InstaGriD-OC-P4.app"; sourceTree = BUILT_PRODUCTS_DIR; };
		FC67A3F821EB999A00F990F2 /* AppDelegate.swift */ = {isa = PBXFileReference; lastKnownFileType = sourcecode.swift; path = AppDelegate.swift; sourceTree = "<group>"; };
		FC67A3FA21EB999A00F990F2 /* ViewController.swift */ = {isa = PBXFileReference; lastKnownFileType = sourcecode.swift; path = ViewController.swift; sourceTree = "<group>"; };
		FC67A3FD21EB999A00F990F2 /* Base */ = {isa = PBXFileReference; lastKnownFileType = file.storyboard; name = Base; path = Base.lproj/Main.storyboard; sourceTree = "<group>"; };
		FC67A3FF21EB999B00F990F2 /* Assets.xcassets */ = {isa = PBXFileReference; lastKnownFileType = folder.assetcatalog; path = Assets.xcassets; sourceTree = "<group>"; };
		FC67A40221EB999B00F990F2 /* Base */ = {isa = PBXFileReference; lastKnownFileType = file.storyboard; name = Base; path = Base.lproj/LaunchScreen.storyboard; sourceTree = "<group>"; };
		FC67A40421EB999B00F990F2 /* Info.plist */ = {isa = PBXFileReference; lastKnownFileType = text.plist.xml; path = Info.plist; sourceTree = "<group>"; };
/* End PBXFileReference section */

/* Begin PBXFrameworksBuildPhase section */
		FC67A3F221EB999A00F990F2 /* Frameworks */ = {
			isa = PBXFrameworksBuildPhase;
			buildActionMask = 2147483647;
			files = (
			);
			runOnlyForDeploymentPostprocessing = 0;
		};
/* End PBXFrameworksBuildPhase section */

/* Begin PBXGroup section */
		FC67A3EC21EB999A00F990F2 = {
			isa = PBXGroup;
			children = (
				FC67A3F721EB999A00F990F2 /* InstaGriD-OC-P4 */,
				FC67A3F621EB999A00F990F2 /* Products */,
			);
			sourceTree = "<group>";
		};
		FC67A3F621EB999A00F990F2 /* Products */ = {
			isa = PBXGroup;
			children = (
				FC67A3F521EB999A00F990F2 /* InstaGriD-OC-P4.app */,
			);
			name = Products;
			sourceTree = "<group>";
		};
		FC67A3F721EB999A00F990F2 /* InstaGriD-OC-P4 */ = {
			isa = PBXGroup;
			children = (
				FC67A40C21EB9B6D00F990F2 /* Model */,
				FC67A40B21EB9B5A00F990F2 /* View */,
				FC67A40A21EB9B4700F990F2 /* Cotnroller */,
				FC67A40421EB999B00F990F2 /* Info.plist */,
				FC67A40D21EB9B7400F990F2 /* Supporting Files */,
			);
			path = "InstaGriD-OC-P4";
			sourceTree = "<group>";
		};
		FC67A40A21EB9B4700F990F2 /* Cotnroller */ = {
			isa = PBXGroup;
			children = (
				FC67A3FA21EB999A00F990F2 /* ViewController.swift */,
			);
			path = Cotnroller;
			sourceTree = "<group>";
		};
		FC67A40B21EB9B5A00F990F2 /* View */ = {
			isa = PBXGroup;
			children = (
				FC67A40121EB999B00F990F2 /* LaunchScreen.storyboard */,
				FC67A3FC21EB999A00F990F2 /* Main.storyboard */,
			);
			path = View;
			sourceTree = "<group>";
		};
		FC67A40C21EB9B6D00F990F2 /* Model */ = {
			isa = PBXGroup;
			children = (
			);
			path = Model;
			sourceTree = "<group>";
		};
		FC67A40D21EB9B7400F990F2 /* Supporting Files */ = {
			isa = PBXGroup;
			children = (
				FC5BD39921EBA28A00F5BECD /* ThirstySoftRegular.otf */,
				FC5BD39721EBA27A00F5BECD /* Delm-Medium.otf */,
				FC67A3F821EB999A00F990F2 /* AppDelegate.swift */,
				FC67A3FF21EB999B00F990F2 /* Assets.xcassets */,
			);
			path = "Supporting Files";
			sourceTree = "<group>";
		};
/* End PBXGroup section */

/* Begin PBXNativeTarget section */
		FC67A3F421EB999A00F990F2 /* InstaGriD-OC-P4 */ = {
			isa = PBXNativeTarget;
			buildConfigurationList = FC67A40721EB999B00F990F2 /* Build configuration list for PBXNativeTarget "InstaGriD-OC-P4" */;
			buildPhases = (
				FC67A3F121EB999A00F990F2 /* Sources */,
				FC67A3F221EB999A00F990F2 /* Frameworks */,
				FC67A3F321EB999A00F990F2 /* Resources */,
			);
			buildRules = (
			);
			dependencies = (
			);
			name = "InstaGriD-OC-P4";
			productName = "InstaGriD-OC-P4";
			productReference = FC67A3F521EB999A00F990F2 /* InstaGriD-OC-P4.app */;
			productType = "com.apple.product-type.application";
		};
/* End PBXNativeTarget section */

/* Begin PBXProject section */
		FC67A3ED21EB999A00F990F2 /* Project object */ = {
			isa = PBXProject;
			attributes = {
				LastSwiftUpdateCheck = 1010;
				LastUpgradeCheck = 1010;
				ORGANIZATIONNAME = "Luc Derosne";
				TargetAttributes = {
					FC67A3F421EB999A00F990F2 = {
						CreatedOnToolsVersion = 10.1;
					};
				};
			};
			buildConfigurationList = FC67A3F021EB999A00F990F2 /* Build configuration list for PBXProject "InstaGriD-OC-P4" */;
			compatibilityVersion = "Xcode 9.3";
			developmentRegion = en;
			hasScannedForEncodings = 0;
			knownRegions = (
				en,
				Base,
			);
			mainGroup = FC67A3EC21EB999A00F990F2;
			productRefGroup = FC67A3F621EB999A00F990F2 /* Products */;
			projectDirPath = "";
			projectRoot = "";
			targets = (
				FC67A3F421EB999A00F990F2 /* InstaGriD-OC-P4 */,
			);
		};
/* End PBXProject section */

/* Begin PBXResourcesBuildPhase section */
		FC67A3F321EB999A00F990F2 /* Resources */ = {
			isa = PBXResourcesBuildPhase;
			buildActionMask = 2147483647;
			files = (
				FC67A40321EB999B00F990F2 /* LaunchScreen.storyboard in Resources */,
				FC67A40021EB999B00F990F2 /* Assets.xcassets in Resources */,
				FC5BD39A21EBA28A00F5BECD /* ThirstySoftRegular.otf in Resources */,
				FC5BD39821EBA27A00F5BECD /* Delm-Medium.otf in Resources */,
				FC67A3FE21EB999A00F990F2 /* Main.storyboard in Resources */,
			);
			runOnlyForDeploymentPostprocessing = 0;
		};
/* End PBXResourcesBuildPhase section */

/* Begin PBXSourcesBuildPhase section */
		FC67A3F121EB999A00F990F2 /* Sources */ = {
			isa = PBXSourcesBuildPhase;
			buildActionMask = 2147483647;
			files = (
				FC67A3FB21EB999A00F990F2 /* ViewController.swift in Sources */,
				FC67A3F921EB999A00F990F2 /* AppDelegate.swift in Sources */,
			);
			runOnlyForDeploymentPostprocessing = 0;
		};
/* End PBXSourcesBuildPhase section */

/* Begin PBXVariantGroup section */
		FC67A3FC21EB999A00F990F2 /* Main.storyboard */ = {
			isa = PBXVariantGroup;
			children = (
				FC67A3FD21EB999A00F990F2 /* Base */,
			);
			name = Main.storyboard;
			sourceTree = "<group>";
		};
		FC67A40121EB999B00F990F2 /* LaunchScreen.storyboard */ = {
			isa = PBXVariantGroup;
			children = (
				FC67A40221EB999B00F990F2 /* Base */,
			);
			name = LaunchScreen.storyboard;
			sourceTree = "<group>";
		};
/* End PBXVariantGroup section */

/* Begin XCBuildConfiguration section */
		FC67A40521EB999B00F990F2 /* Debug */ = {
			isa = XCBuildConfiguration;
			buildSettings = {
				ALWAYS_SEARCH_USER_PATHS = NO;
				CLANG_ANALYZER_NONNULL = YES;
				CLANG_ANALYZER_NUMBER_OBJECT_CONVERSION = YES_AGGRESSIVE;
				CLANG_CXX_LANGUAGE_STANDARD = "gnu++14";
				CLANG_CXX_LIBRARY = "libc++";
				CLANG_ENABLE_MODULES = YES;
				CLANG_ENABLE_OBJC_ARC = YES;
				CLANG_ENABLE_OBJC_WEAK = YES;
				CLANG_WARN_BLOCK_CAPTURE_AUTORELEASING = YES;
				CLANG_WARN_BOOL_CONVERSION = YES;
				CLANG_WARN_COMMA = YES;
				CLANG_WARN_CONSTANT_CONVERSION = YES;
				CLANG_WARN_DEPRECATED_OBJC_IMPLEMENTATIONS = YES;
				CLANG_WARN_DIRECT_OBJC_ISA_USAGE = YES_ERROR;
				CLANG_WARN_DOCUMENTATION_COMMENTS = YES;
				CLANG_WARN_EMPTY_BODY = YES;
				CLANG_WARN_ENUM_CONVERSION = YES;
				CLANG_WARN_INFINITE_RECURSION = YES;
				CLANG_WARN_INT_CONVERSION = YES;
				CLANG_WARN_NON_LITERAL_NULL_CONVERSION = YES;
				CLANG_WARN_OBJC_IMPLICIT_RETAIN_SELF = YES;
				CLANG_WARN_OBJC_LITERAL_CONVERSION = YES;
				CLANG_WARN_OBJC_ROOT_CLASS = YES_ERROR;
				CLANG_WARN_RANGE_LOOP_ANALYSIS = YES;
				CLANG_WARN_STRICT_PROTOTYPES = YES;
				CLANG_WARN_SUSPICIOUS_MOVE = YES;
				CLANG_WARN_UNGUARDED_AVAILABILITY = YES_AGGRESSIVE;
				CLANG_WARN_UNREACHABLE_CODE = YES;
				CLANG_WARN__DUPLICATE_METHOD_MATCH = YES;
				CODE_SIGN_IDENTITY = "iPhone Developer";
				COPY_PHASE_STRIP = NO;
				DEBUG_INFORMATION_FORMAT = dwarf;
				ENABLE_STRICT_OBJC_MSGSEND = YES;
				ENABLE_TESTABILITY = YES;
				GCC_C_LANGUAGE_STANDARD = gnu11;
				GCC_DYNAMIC_NO_PIC = NO;
				GCC_NO_COMMON_BLOCKS = YES;
				GCC_OPTIMIZATION_LEVEL = 0;
				GCC_PREPROCESSOR_DEFINITIONS = (
					"DEBUG=1",
					"$(inherited)",
				);
				GCC_WARN_64_TO_32_BIT_CONVERSION = YES;
				GCC_WARN_ABOUT_RETURN_TYPE = YES_ERROR;
				GCC_WARN_UNDECLARED_SELECTOR = YES;
				GCC_WARN_UNINITIALIZED_AUTOS = YES_AGGRESSIVE;
				GCC_WARN_UNUSED_FUNCTION = YES;
				GCC_WARN_UNUSED_VARIABLE = YES;
				IPHONEOS_DEPLOYMENT_TARGET = 12.1;
				MTL_ENABLE_DEBUG_INFO = INCLUDE_SOURCE;
				MTL_FAST_MATH = YES;
				ONLY_ACTIVE_ARCH = YES;
				SDKROOT = iphoneos;
				SWIFT_ACTIVE_COMPILATION_CONDITIONS = DEBUG;
				SWIFT_OPTIMIZATION_LEVEL = "-Onone";
			};
			name = Debug;
		};
		FC67A40621EB999B00F990F2 /* Release */ = {
			isa = XCBuildConfiguration;
			buildSettings = {
				ALWAYS_SEARCH_USER_PATHS = NO;
				CLANG_ANALYZER_NONNULL = YES;
				CLANG_ANALYZER_NUMBER_OBJECT_CONVERSION = YES_AGGRESSIVE;
				CLANG_CXX_LANGUAGE_STANDARD = "gnu++14";
				CLANG_CXX_LIBRARY = "libc++";
				CLANG_ENABLE_MODULES = YES;
				CLANG_ENABLE_OBJC_ARC = YES;
				CLANG_ENABLE_OBJC_WEAK = YES;
				CLANG_WARN_BLOCK_CAPTURE_AUTORELEASING = YES;
				CLANG_WARN_BOOL_CONVERSION = YES;
				CLANG_WARN_COMMA = YES;
				CLANG_WARN_CONSTANT_CONVERSION = YES;
				CLANG_WARN_DEPRECATED_OBJC_IMPLEMENTATIONS = YES;
				CLANG_WARN_DIRECT_OBJC_ISA_USAGE = YES_ERROR;
				CLANG_WARN_DOCUMENTATION_COMMENTS = YES;
				CLANG_WARN_EMPTY_BODY = YES;
				CLANG_WARN_ENUM_CONVERSION = YES;
				CLANG_WARN_INFINITE_RECURSION = YES;
				CLANG_WARN_INT_CONVERSION = YES;
				CLANG_WARN_NON_LITERAL_NULL_CONVERSION = YES;
				CLANG_WARN_OBJC_IMPLICIT_RETAIN_SELF = YES;
				CLANG_WARN_OBJC_LITERAL_CONVERSION = YES;
				CLANG_WARN_OBJC_ROOT_CLASS = YES_ERROR;
				CLANG_WARN_RANGE_LOOP_ANALYSIS = YES;
				CLANG_WARN_STRICT_PROTOTYPES = YES;
				CLANG_WARN_SUSPICIOUS_MOVE = YES;
				CLANG_WARN_UNGUARDED_AVAILABILITY = YES_AGGRESSIVE;
				CLANG_WARN_UNREACHABLE_CODE = YES;
				CLANG_WARN__DUPLICATE_METHOD_MATCH = YES;
				CODE_SIGN_IDENTITY = "iPhone Developer";
				COPY_PHASE_STRIP = NO;
				DEBUG_INFORMATION_FORMAT = "dwarf-with-dsym";
				ENABLE_NS_ASSERTIONS = NO;
				ENABLE_STRICT_OBJC_MSGSEND = YES;
				GCC_C_LANGUAGE_STANDARD = gnu11;
				GCC_NO_COMMON_BLOCKS = YES;
				GCC_WARN_64_TO_32_BIT_CONVERSION = YES;
				GCC_WARN_ABOUT_RETURN_TYPE = YES_ERROR;
				GCC_WARN_UNDECLARED_SELECTOR = YES;
				GCC_WARN_UNINITIALIZED_AUTOS = YES_AGGRESSIVE;
				GCC_WARN_UNUSED_FUNCTION = YES;
				GCC_WARN_UNUSED_VARIABLE = YES;
				IPHONEOS_DEPLOYMENT_TARGET = 12.1;
				MTL_ENABLE_DEBUG_INFO = NO;
				MTL_FAST_MATH = YES;
				SDKROOT = iphoneos;
				SWIFT_COMPILATION_MODE = wholemodule;
				SWIFT_OPTIMIZATION_LEVEL = "-O";
				VALIDATE_PRODUCT = YES;
			};
			name = Release;
		};
		FC67A40821EB999B00F990F2 /* Debug */ = {
			isa = XCBuildConfiguration;
			buildSettings = {
				ASSETCATALOG_COMPILER_APPICON_NAME = AppIcon;
				CODE_SIGN_STYLE = Automatic;
				DEVELOPMENT_TEAM = Y7TNCJPS5N;
				INFOPLIST_FILE = "InstaGriD-OC-P4/Info.plist";
				LD_RUNPATH_SEARCH_PATHS = (
					"$(inherited)",
					"@executable_path/Frameworks",
				);
				PRODUCT_BUNDLE_IDENTIFIER = "com.ac10qt.InstaGriD-OC-P4";
				PRODUCT_NAME = "$(TARGET_NAME)";
				SWIFT_VERSION = 4.2;
				TARGETED_DEVICE_FAMILY = "1,2";
			};
			name = Debug;
		};
		FC67A40921EB999B00F990F2 /* Release */ = {
			isa = XCBuildConfiguration;
			buildSettings = {
				ASSETCATALOG_COMPILER_APPICON_NAME = AppIcon;
				CODE_SIGN_STYLE = Automatic;
				DEVELOPMENT_TEAM = Y7TNCJPS5N;
				INFOPLIST_FILE = "InstaGriD-OC-P4/Info.plist";
				LD_RUNPATH_SEARCH_PATHS = (
					"$(inherited)",
					"@executable_path/Frameworks",
				);
				PRODUCT_BUNDLE_IDENTIFIER = "com.ac10qt.InstaGriD-OC-P4";
				PRODUCT_NAME = "$(TARGET_NAME)";
				SWIFT_VERSION = 4.2;
				TARGETED_DEVICE_FAMILY = "1,2";
			};
			name = Release;
		};
/* End XCBuildConfiguration section */

/* Begin XCConfigurationList section */
		FC67A3F021EB999A00F990F2 /* Build configuration list for PBXProject "InstaGriD-OC-P4" */ = {
			isa = XCConfigurationList;
			buildConfigurations = (
				FC67A40521EB999B00F990F2 /* Debug */,
				FC67A40621EB999B00F990F2 /* Release */,
			);
			defaultConfigurationIsVisible = 0;
			defaultConfigurationName = Release;
		};
		FC67A40721EB999B00F990F2 /* Build configuration list for PBXNativeTarget "InstaGriD-OC-P4" */ = {
			isa = XCConfigurationList;
			buildConfigurations = (
				FC67A40821EB999B00F990F2 /* Debug */,
				FC67A40921EB999B00F990F2 /* Release */,
			);
			defaultConfigurationIsVisible = 0;
			defaultConfigurationName = Release;
		};
/* End XCConfigurationList section */
	};
	rootObject = FC67A3ED21EB999A00F990F2 /* Project object */;
}
